
Microsoft Visual Studio Solution File, Format Version 12.00
# Visual Studio Version 17
VisualStudioVersion = 17.3.32825.248
MinimumVisualStudioVersion = 10.0.40219.1
Project("{FAE04EC0-301F-11D3-BF4B-00C04F79EFBC}") = "EjercicioProgramacion", "EjercicioProgramacion\EjercicioProgramacion.csproj", "{A2366615-B6FD-4548-A441-5013D57EF21E}"
EndProject
Global
	GlobalSection(SolutionConfigurationPlatforms) = preSolution
		Debug|Any CPU = Debug|Any CPU
		Release|Any CPU = Release|Any CPU
	EndGlobalSection
	GlobalSection(ProjectConfigurationPlatforms) = postSolution
		{A2366615-B6FD-4548-A441-5013D57EF21E}.Debug|Any CPU.ActiveCfg = Debug|Any CPU
		{A2366615-B6FD-4548-A441-5013D57EF21E}.Debug|Any CPU.Build.0 = Debug|Any CPU
		{A2366615-B6FD-4548-A441-5013D57EF21E}.Release|Any CPU.ActiveCfg = Release|Any CPU
		{A2366615-B6FD-4548-A441-5013D57EF21E}.Release|Any CPU.Build.0 = Release|Any CPU
	EndGlobalSection
	GlobalSection(SolutionProperties) = preSolution
		HideSolutionNode = FALSE
	EndGlobalSection
	GlobalSection(ExtensibilityGlobals) = postSolution
		SolutionGuid = {39A9E636-E201-4396-9C1C-3648A8F2BFC0}
	EndGlobalSection
EndGlobal
